
Microsoft Visual Studio Solution File, Format Version 12.00
# Visual Studio Version 17
VisualStudioVersion = 17.13.35919.96
MinimumVisualStudioVersion = 10.0.40219.1
Project("{FAE04EC0-301F-11D3-BF4B-00C04F79EFBC}") = "Proyecto", "Proyecto\Proyecto.csproj", "{28EA7CAB-3DA6-437E-A761-ACDD0552CABE}"
EndProject
Global
	GlobalSection(SolutionConfigurationPlatforms) = preSolution
		Debug|Any CPU = Debug|Any CPU
		Release|Any CPU = Release|Any CPU
	EndGlobalSection
	GlobalSection(ProjectConfigurationPlatforms) = postSolution
		{28EA7CAB-3DA6-437E-A761-ACDD0552CABE}.Debug|Any CPU.ActiveCfg = Debug|Any CPU
		{28EA7CAB-3DA6-437E-A761-ACDD0552CABE}.Debug|Any CPU.Build.0 = Debug|Any CPU
		{28EA7CAB-3DA6-437E-A761-ACDD0552CABE}.Release|Any CPU.ActiveCfg = Release|Any CPU
		{28EA7CAB-3DA6-437E-A761-ACDD0552CABE}.Release|Any CPU.Build.0 = Release|Any CPU
	EndGlobalSection
	GlobalSection(SolutionProperties) = preSolution
		HideSolutionNode = FALSE
	EndGlobalSection
	GlobalSection(ExtensibilityGlobals) = postSolution
		SolutionGuid = {7D7DDD61-D9EF-42F9-ADB1-92DD458039EE}
	EndGlobalSection
EndGlobal
